# This file is automatically @generated by Cargo.
# It is not intended for manual editing.
version = 4

[[package]]
name = "fab-cards"
version = "0.1.0"

[[package]]
name = "fab-engine"
version = "0.1.0"
dependencies = [
 "fab-cards",
]

[[package]]
name = "fab-sim"
version = "0.1.0"
dependencies = [
 "fab-cards",
 "fab-engine",
]

[[package]]
name = "fab-train"
version = "0.1.0"
dependencies = [
 "fab-cards",
 "fab-engine",
]
